
Microsoft Visual Studio Solution File, Format Version 11.00
# Visual Studio 2010
Project("{FAE04EC0-301F-11D3-BF4B-00C04F79EFBC}") = "ChequerCancel", "ChequerCancel\ChequerCancel.csproj", "{8D189E14-42EC-4A12-82B7-C3F8424C7933}"
EndProject
Project("{FAE04EC0-301F-11D3-BF4B-00C04F79EFBC}") = "SameGrowZone", "SameGrowZone\SameGrowZone.csproj", "{8D189E14-42EC-4A12-82B7-C3F8424C7934}"
EndProject
Global
	GlobalSection(SolutionConfigurationPlatforms) = preSolution
		Debug|Any CPU = Debug|Any CPU
		Release|Any CPU = Release|Any CPU
	EndGlobalSection
	GlobalSection(ProjectConfigurationPlatforms) = postSolution
		{8D189E14-42EC-4A12-82B7-C3F8424C7933}.Debug|Any CPU.ActiveCfg = Debug|Any CPU
		{8D189E14-42EC-4A12-82B7-C3F8424C7933}.Debug|Any CPU.Build.0 = Debug|Any CPU
		{8D189E14-42EC-4A12-82B7-C3F8424C7933}.Release|Any CPU.ActiveCfg = Release|Any CPU
		{8D189E14-42EC-4A12-82B7-C3F8424C7933}.Release|Any CPU.Build.0 = Release|Any CPU
		{8D189E14-42EC-4A12-82B7-C3F8424C7934}.Debug|Any CPU.ActiveCfg = Debug|Any CPU
		{8D189E14-42EC-4A12-82B7-C3F8424C7934}.Debug|Any CPU.Build.0 = Debug|Any CPU
		{8D189E14-42EC-4A12-82B7-C3F8424C7934}.Release|Any CPU.ActiveCfg = Release|Any CPU
		{8D189E14-42EC-4A12-82B7-C3F8424C7934}.Release|Any CPU.Build.0 = Release|Any CPU
	EndGlobalSection
	GlobalSection(SolutionProperties) = preSolution
		HideSolutionNode = FALSE
	EndGlobalSection
EndGlobal
